
Microsoft Visual Studio Solution File, Format Version 12.00
# Visual Studio Version 17
VisualStudioVersion = 17.0.31903.59
MinimumVisualStudioVersion = 10.0.40219.1
Project("{FAE04EC0-301F-11D3-BF4B-00C04F79EFBC}") = "API", "API\API.csproj", "{DC8401B2-3722-49B3-8C71-0808472B7569}"
EndProject
Project("{FAE04EC0-301F-11D3-BF4B-00C04F79EFBC}") = "Core", "Core\Core.csproj", "{6AC7FBF3-8BCE-4A48-9DB6-1F60C16A726C}"
EndProject
Project("{FAE04EC0-301F-11D3-BF4B-00C04F79EFBC}") = "Infrastructure", "Infrastructure\Infrastructure.csproj", "{70455A95-89A4-4DBC-9188-B0EAA2104D52}"
EndProject
Global
	GlobalSection(SolutionConfigurationPlatforms) = preSolution
		Debug|Any CPU = Debug|Any CPU
		Release|Any CPU = Release|Any CPU
	EndGlobalSection
	GlobalSection(SolutionProperties) = preSolution
		HideSolutionNode = FALSE
	EndGlobalSection
	GlobalSection(ProjectConfigurationPlatforms) = postSolution
		{DC8401B2-3722-49B3-8C71-0808472B7569}.Debug|Any CPU.ActiveCfg = Debug|Any CPU
		{DC8401B2-3722-49B3-8C71-0808472B7569}.Debug|Any CPU.Build.0 = Debug|Any CPU
		{DC8401B2-3722-49B3-8C71-0808472B7569}.Release|Any CPU.ActiveCfg = Release|Any CPU
		{DC8401B2-3722-49B3-8C71-0808472B7569}.Release|Any CPU.Build.0 = Release|Any CPU
		{6AC7FBF3-8BCE-4A48-9DB6-1F60C16A726C}.Debug|Any CPU.ActiveCfg = Debug|Any CPU
		{6AC7FBF3-8BCE-4A48-9DB6-1F60C16A726C}.Debug|Any CPU.Build.0 = Debug|Any CPU
		{6AC7FBF3-8BCE-4A48-9DB6-1F60C16A726C}.Release|Any CPU.ActiveCfg = Release|Any CPU
		{6AC7FBF3-8BCE-4A48-9DB6-1F60C16A726C}.Release|Any CPU.Build.0 = Release|Any CPU
		{70455A95-89A4-4DBC-9188-B0EAA2104D52}.Debug|Any CPU.ActiveCfg = Debug|Any CPU
		{70455A95-89A4-4DBC-9188-B0EAA2104D52}.Debug|Any CPU.Build.0 = Debug|Any CPU
		{70455A95-89A4-4DBC-9188-B0EAA2104D52}.Release|Any CPU.ActiveCfg = Release|Any CPU
		{70455A95-89A4-4DBC-9188-B0EAA2104D52}.Release|Any CPU.Build.0 = Release|Any CPU
	EndGlobalSection
EndGlobal
